
Microsoft Visual Studio Solution File, Format Version 12.00
# Visual Studio Version 16
VisualStudioVersion = 16.0.30406.217
MinimumVisualStudioVersion = 10.0.40219.1
Project("{FAE04EC0-301F-11D3-BF4B-00C04F79EFBC}") = "PRACTICA_6_RADIOBUTTON_CHECKBOX", "PRACTICA_6_RADIOBUTTON_CHECKBOX\PRACTICA_6_RADIOBUTTON_CHECKBOX.csproj", "{6BD84EE5-36FA-4E11-83D8-317447BF34CC}"
EndProject
Project("{FAE04EC0-301F-11D3-BF4B-00C04F79EFBC}") = "PRACTICA_7_RICHTEXTBOX", "PRACTICA_7_RICHTEXTBOX\PRACTICA_7_RICHTEXTBOX.csproj", "{C3326838-8686-4B6B-A773-FDE095560532}"
EndProject
Project("{FAE04EC0-301F-11D3-BF4B-00C04F79EFBC}") = "PRACTICA_8_LISTBOX_Y_CHECKEDLISTBOX", "PRACTICA_8_LISTBOX_Y_CHECKEDLISTBOX\PRACTICA_8_LISTBOX_Y_CHECKEDLISTBOX.csproj", "{ABF11F2C-8FFA-426C-9856-0B414FCEAC21}"
EndProject
Global
	GlobalSection(SolutionConfigurationPlatforms) = preSolution
		Debug|Any CPU = Debug|Any CPU
		Release|Any CPU = Release|Any CPU
	EndGlobalSection
	GlobalSection(ProjectConfigurationPlatforms) = postSolution
		{6BD84EE5-36FA-4E11-83D8-317447BF34CC}.Debug|Any CPU.ActiveCfg = Debug|Any CPU
		{6BD84EE5-36FA-4E11-83D8-317447BF34CC}.Debug|Any CPU.Build.0 = Debug|Any CPU
		{6BD84EE5-36FA-4E11-83D8-317447BF34CC}.Release|Any CPU.ActiveCfg = Release|Any CPU
		{6BD84EE5-36FA-4E11-83D8-317447BF34CC}.Release|Any CPU.Build.0 = Release|Any CPU
		{C3326838-8686-4B6B-A773-FDE095560532}.Debug|Any CPU.ActiveCfg = Debug|Any CPU
		{C3326838-8686-4B6B-A773-FDE095560532}.Debug|Any CPU.Build.0 = Debug|Any CPU
		{C3326838-8686-4B6B-A773-FDE095560532}.Release|Any CPU.ActiveCfg = Release|Any CPU
		{C3326838-8686-4B6B-A773-FDE095560532}.Release|Any CPU.Build.0 = Release|Any CPU
		{ABF11F2C-8FFA-426C-9856-0B414FCEAC21}.Debug|Any CPU.ActiveCfg = Debug|Any CPU
		{ABF11F2C-8FFA-426C-9856-0B414FCEAC21}.Debug|Any CPU.Build.0 = Debug|Any CPU
		{ABF11F2C-8FFA-426C-9856-0B414FCEAC21}.Release|Any CPU.ActiveCfg = Release|Any CPU
		{ABF11F2C-8FFA-426C-9856-0B414FCEAC21}.Release|Any CPU.Build.0 = Release|Any CPU
	EndGlobalSection
	GlobalSection(SolutionProperties) = preSolution
		HideSolutionNode = FALSE
	EndGlobalSection
	GlobalSection(ExtensibilityGlobals) = postSolution
		SolutionGuid = {13D7EECE-FE69-45AC-95F1-B316E0C4E6D4}
	EndGlobalSection
EndGlobal
