
Microsoft Visual Studio Solution File, Format Version 12.00
# Visual Studio Version 16
VisualStudioVersion = 16.0.30406.217
MinimumVisualStudioVersion = 10.0.40219.1
Project("{FAE04EC0-301F-11D3-BF4B-00C04F79EFBC}") = "MiPrimerAplicacion", "MiPrimerAplicacion\MiPrimerAplicacion.csproj", "{AB7E352E-B851-48A6-A715-791B7CDED9D8}"
EndProject
Project("{FAE04EC0-301F-11D3-BF4B-00C04F79EFBC}") = "WindForms1_practica5", "WindForms1_practica5\WindForms1_practica5.csproj", "{EC8F31A8-633F-40E8-836C-0F70DADAAEF6}"
EndProject
Project("{2150E333-8FDC-42A3-9474-1A3956D46DE8}") = "NewFolder1", "NewFolder1", "{B6F6D5D4-1A74-4B7F-AFF2-171852985F06}"
EndProject
Global
	GlobalSection(SolutionConfigurationPlatforms) = preSolution
		Debug|Any CPU = Debug|Any CPU
		Release|Any CPU = Release|Any CPU
	EndGlobalSection
	GlobalSection(ProjectConfigurationPlatforms) = postSolution
		{AB7E352E-B851-48A6-A715-791B7CDED9D8}.Debug|Any CPU.ActiveCfg = Debug|Any CPU
		{AB7E352E-B851-48A6-A715-791B7CDED9D8}.Debug|Any CPU.Build.0 = Debug|Any CPU
		{AB7E352E-B851-48A6-A715-791B7CDED9D8}.Release|Any CPU.ActiveCfg = Release|Any CPU
		{AB7E352E-B851-48A6-A715-791B7CDED9D8}.Release|Any CPU.Build.0 = Release|Any CPU
		{EC8F31A8-633F-40E8-836C-0F70DADAAEF6}.Debug|Any CPU.ActiveCfg = Debug|Any CPU
		{EC8F31A8-633F-40E8-836C-0F70DADAAEF6}.Debug|Any CPU.Build.0 = Debug|Any CPU
		{EC8F31A8-633F-40E8-836C-0F70DADAAEF6}.Release|Any CPU.ActiveCfg = Release|Any CPU
		{EC8F31A8-633F-40E8-836C-0F70DADAAEF6}.Release|Any CPU.Build.0 = Release|Any CPU
	EndGlobalSection
	GlobalSection(SolutionProperties) = preSolution
		HideSolutionNode = FALSE
	EndGlobalSection
	GlobalSection(ExtensibilityGlobals) = postSolution
		SolutionGuid = {7F7AFC39-D075-4A97-BBE6-EB50B139403F}
	EndGlobalSection
EndGlobal
